<?xml version="1.0" encoding="utf-8"?>
<Project ToolsVersion="4.0" xmlns="http://schemas.microsoft.com/developer/msbuild/2003">
  <ItemGroup>
    <Filter Include="Source Files">
      <UniqueIdentifier>{c51d22c0-1e73-44ab-b090-3bb81ad45a7b}</UniqueIdentifier>
      <Extensions>cpp;c;cxx;rc;def;r;odl;idl;hpj;bat</Extensions>
    </Filter>
    <Filter Include="Header Files">
      <UniqueIdentifier>{42443d97-7348-48a0-9d65-97a5c3631b31}</UniqueIdentifier>
      <Extensions>h;hpp;hxx;hm;inl</Extensions>
    </Filter>
    <Filter Include="Resource Files">
      <UniqueIdentifier>{b65dadce-a9bb-4d22-95e0-94a769d30d46}</UniqueIdentifier>
      <Extensions>ico;cur;bmp;dlg;rc2;rct;bin;rgs;gif;jpg;jpeg;jpe</Extensions>
    </Filter>
  </ItemGroup>
  <ItemGroup>
    <ClCompile Include="main.cpp">
      <Filter>Source Files</Filter>
    </ClCompile>
  </ItemGroup>
  <ItemGroup>
    <ClInclude Include="u_char_handle.h">
      <Filter>Header Files</Filter>
    </ClInclude>
    <ClInclude Include="info_struct.h">
      <Filter>Header Files</Filter>
    </ClInclude>
    <ClInclude Include="pkt_handler.h">
      <Filter>Header Files</Filter>
    </ClInclude>
    <ClInclude Include="stat_cal.h">
      <Filter>Header Files</Filter>
    </ClInclude>
  </ItemGroup>
  <ItemGroup>
    <Library Include="..\..\..\..\LabTool\WpdPack_4_1_1\WpdPack\Lib\wpcap.lib" />
  </ItemGroup>
</Project>